
Microsoft Visual Studio Solution File, Format Version 12.00
# Visual Studio Version 16
VisualStudioVersion = 16.0.30128.74
MinimumVisualStudioVersion = 10.0.40219.1
Project("{FAE04EC0-301F-11D3-BF4B-00C04F79EFBC}") = "LCProblems", "LCProblems\LCProblems.csproj", "{652E1735-EB09-427B-8202-5AFCA3F2C60A}"
EndProject
Global
	GlobalSection(SolutionConfigurationPlatforms) = preSolution
		Debug|Any CPU = Debug|Any CPU
		Release|Any CPU = Release|Any CPU
	EndGlobalSection
	GlobalSection(ProjectConfigurationPlatforms) = postSolution
		{652E1735-EB09-427B-8202-5AFCA3F2C60A}.Debug|Any CPU.ActiveCfg = Debug|Any CPU
		{652E1735-EB09-427B-8202-5AFCA3F2C60A}.Debug|Any CPU.Build.0 = Debug|Any CPU
		{652E1735-EB09-427B-8202-5AFCA3F2C60A}.Release|Any CPU.ActiveCfg = Release|Any CPU
		{652E1735-EB09-427B-8202-5AFCA3F2C60A}.Release|Any CPU.Build.0 = Release|Any CPU
	EndGlobalSection
	GlobalSection(SolutionProperties) = preSolution
		HideSolutionNode = FALSE
	EndGlobalSection
	GlobalSection(ExtensibilityGlobals) = postSolution
		SolutionGuid = {26B7F9AB-0934-42B6-96A0-ABFB1BDCA357}
	EndGlobalSection
EndGlobal
